// !$*UTF8*$!
{
	archiveVersion = 1;
	classes = {
	};
	objectVersion = 48;
	objects = {

/* Begin PBXBuildFile section */
		08EE03E65658176D52DC86DC /* libPods-WeexBenchmarkUITests.a in Frameworks */ = {isa = PBXBuildFile; fileRef = FE5D8F3260BB3C0BE15624AC /* libPods-WeexBenchmarkUITests.a */; };
		3A8A5B26C71369FD513F2F87 /* libPods-WeexBenchmarkTests.a in Frameworks */ = {isa = PBXBuildFile; fileRef = 06DDFC856C1E2FF874A5546D /* libPods-WeexBenchmarkTests.a */; };
		B79604290AA5EF9845369A47 /* libPods-WeexBenchmark.a in Frameworks */ = {isa = PBXBuildFile; fileRef = B74BEDFA9595BEB13BFB0850 /* libPods-WeexBenchmark.a */; };
		DC3A60361FE0C4B300522CFC /* AppDelegate.m in Sources */ = {isa = PBXBuildFile; fileRef = DC3A60351FE0C4B300522CFC /* AppDelegate.m */; };
		DC3A60391FE0C4B300522CFC /* ViewController.m in Sources */ = {isa = PBXBuildFile; fileRef = DC3A60381FE0C4B300522CFC /* ViewController.m */; };
		DC3A603C1FE0C4B300522CFC /* Main.storyboard in Resources */ = {isa = PBXBuildFile; fileRef = DC3A603A1FE0C4B300522CFC /* Main.storyboard */; };
		DC3A603E1FE0C4B300522CFC /* Assets.xcassets in Resources */ = {isa = PBXBuildFile; fileRef = DC3A603D1FE0C4B300522CFC /* Assets.xcassets */; };
		DC3A60411FE0C4B300522CFC /* LaunchScreen.storyboard in Resources */ = {isa = PBXBuildFile; fileRef = DC3A603F1FE0C4B300522CFC /* LaunchScreen.storyboard */; };
		DC3A60441FE0C4B300522CFC /* main.m in Sources */ = {isa = PBXBuildFile; fileRef = DC3A60431FE0C4B300522CFC /* main.m */; };
		DC3A604E1FE0C4B300522CFC /* WeexBenchmarkTests.m in Sources */ = {isa = PBXBuildFile; fileRef = DC3A604D1FE0C4B300522CFC /* WeexBenchmarkTests.m */; };
		DC3A60591FE0C4B400522CFC /* WeexBenchmarkUITests.m in Sources */ = {isa = PBXBuildFile; fileRef = DC3A60581FE0C4B400522CFC /* WeexBenchmarkUITests.m */; };
		DC3A606A1FE1072B00522CFC /* WeexViewController.m in Sources */ = {isa = PBXBuildFile; fileRef = DC3A60691FE1072B00522CFC /* WeexViewController.m */; };
		DC3A606D1FE1074000522CFC /* ReactNativeViewController.m in Sources */ = {isa = PBXBuildFile; fileRef = DC3A606C1FE1074000522CFC /* ReactNativeViewController.m */; };
		DC3A60701FE1134200522CFC /* WXImgLoaderDefaultImpl.m in Sources */ = {isa = PBXBuildFile; fileRef = DC3A606F1FE1134200522CFC /* WXImgLoaderDefaultImpl.m */; };
		DC3A60AD1FE1528200522CFC /* bundlejs in Resources */ = {isa = PBXBuildFile; fileRef = DC3A60AC1FE1528200522CFC /* bundlejs */; };
/* End PBXBuildFile section */

/* Begin PBXContainerItemProxy section */
		DC3A604A1FE0C4B300522CFC /* PBXContainerItemProxy */ = {
			isa = PBXContainerItemProxy;
			containerPortal = DC3A60291FE0C4B300522CFC /* Project object */;
			proxyType = 1;
			remoteGlobalIDString = DC3A60301FE0C4B300522CFC;
			remoteInfo = WeexBenchmark;
		};
		DC3A60551FE0C4B400522CFC /* PBXContainerItemProxy */ = {
			isa = PBXContainerItemProxy;
			containerPortal = DC3A60291FE0C4B300522CFC /* Project object */;
			proxyType = 1;
			remoteGlobalIDString = DC3A60301FE0C4B300522CFC;
			remoteInfo = WeexBenchmark;
		};
/* End PBXContainerItemProxy section */

/* Begin PBXFileReference section */
		06DDFC856C1E2FF874A5546D /* libPods-WeexBenchmarkTests.a */ = {isa = PBXFileReference; explicitFileType = archive.ar; includeInIndex = 0; path = "libPods-WeexBenchmarkTests.a"; sourceTree = BUILT_PRODUCTS_DIR; };
		3748E0386C22F373296774D9 /* Pods-WeexBenchmarkUITests.release.xcconfig */ = {isa = PBXFileReference; includeInIndex = 1; lastKnownFileType = text.xcconfig; name = "Pods-WeexBenchmarkUITests.release.xcconfig"; path = "Pods/Target Support Files/Pods-WeexBenchmarkUITests/Pods-WeexBenchmarkUITests.release.xcconfig"; sourceTree = "<group>"; };
		4E90942EBF367A08E4C9B6C7 /* Pods-WeexBenchmark.release.xcconfig */ = {isa = PBXFileReference; includeInIndex = 1; lastKnownFileType = text.xcconfig; name = "Pods-WeexBenchmark.release.xcconfig"; path = "Pods/Target Support Files/Pods-WeexBenchmark/Pods-WeexBenchmark.release.xcconfig"; sourceTree = "<group>"; };
		584F9F7689EB5E27728221BB /* Pods-WeexBenchmarkTests.release.xcconfig */ = {isa = PBXFileReference; includeInIndex = 1; lastKnownFileType = text.xcconfig; name = "Pods-WeexBenchmarkTests.release.xcconfig"; path = "Pods/Target Support Files/Pods-WeexBenchmarkTests/Pods-WeexBenchmarkTests.release.xcconfig"; sourceTree = "<group>"; };
		7BEB04FF76ABD5A854605F27 /* Pods-WeexBenchmark.debug.xcconfig */ = {isa = PBXFileReference; includeInIndex = 1; lastKnownFileType = text.xcconfig; name = "Pods-WeexBenchmark.debug.xcconfig"; path = "Pods/Target Support Files/Pods-WeexBenchmark/Pods-WeexBenchmark.debug.xcconfig"; sourceTree = "<group>"; };
		844717F2699DEAE478D801C5 /* Pods-WeexBenchmarkUITests.debug.xcconfig */ = {isa = PBXFileReference; includeInIndex = 1; lastKnownFileType = text.xcconfig; name = "Pods-WeexBenchmarkUITests.debug.xcconfig"; path = "Pods/Target Support Files/Pods-WeexBenchmarkUITests/Pods-WeexBenchmarkUITests.debug.xcconfig"; sourceTree = "<group>"; };
		B74BEDFA9595BEB13BFB0850 /* libPods-WeexBenchmark.a */ = {isa = PBXFileReference; explicitFileType = archive.ar; includeInIndex = 0; path = "libPods-WeexBenchmark.a"; sourceTree = BUILT_PRODUCTS_DIR; };
		D7CC23271C51CF99C60F9F06 /* Pods-WeexBenchmarkTests.debug.xcconfig */ = {isa = PBXFileReference; includeInIndex = 1; lastKnownFileType = text.xcconfig; name = "Pods-WeexBenchmarkTests.debug.xcconfig"; path = "Pods/Target Support Files/Pods-WeexBenchmarkTests/Pods-WeexBenchmarkTests.debug.xcconfig"; sourceTree = "<group>"; };
		DC3A60311FE0C4B300522CFC /* WeexBenchmark.app */ = {isa = PBXFileReference; explicitFileType = wrapper.application; includeInIndex = 0; path = WeexBenchmark.app; sourceTree = BUILT_PRODUCTS_DIR; };
		DC3A60341FE0C4B300522CFC /* AppDelegate.h */ = {isa = PBXFileReference; lastKnownFileType = sourcecode.c.h; path = AppDelegate.h; sourceTree = "<group>"; };
		DC3A60351FE0C4B300522CFC /* AppDelegate.m */ = {isa = PBXFileReference; lastKnownFileType = sourcecode.c.objc; path = AppDelegate.m; sourceTree = "<group>"; };
		DC3A60371FE0C4B300522CFC /* ViewController.h */ = {isa = PBXFileReference; lastKnownFileType = sourcecode.c.h; path = ViewController.h; sourceTree = "<group>"; };
		DC3A60381FE0C4B300522CFC /* ViewController.m */ = {isa = PBXFileReference; lastKnownFileType = sourcecode.c.objc; path = ViewController.m; sourceTree = "<group>"; };
		DC3A603B1FE0C4B300522CFC /* Base */ = {isa = PBXFileReference; lastKnownFileType = file.storyboard; name = Base; path = Base.lproj/Main.storyboard; sourceTree = "<group>"; };
		DC3A603D1FE0C4B300522CFC /* Assets.xcassets */ = {isa = PBXFileReference; lastKnownFileType = folder.assetcatalog; path = Assets.xcassets; sourceTree = "<group>"; };
		DC3A60401FE0C4B300522CFC /* Base */ = {isa = PBXFileReference; lastKnownFileType = file.storyboard; name = Base; path = Base.lproj/LaunchScreen.storyboard; sourceTree = "<group>"; };
		DC3A60421FE0C4B300522CFC /* Info.plist */ = {isa = PBXFileReference; lastKnownFileType = text.plist.xml; path = Info.plist; sourceTree = "<group>"; };
		DC3A60431FE0C4B300522CFC /* main.m */ = {isa = PBXFileReference; lastKnownFileType = sourcecode.c.objc; path = main.m; sourceTree = "<group>"; };
		DC3A60491FE0C4B300522CFC /* WeexBenchmarkTests.xctest */ = {isa = PBXFileReference; explicitFileType = wrapper.cfbundle; includeInIndex = 0; path = WeexBenchmarkTests.xctest; sourceTree = BUILT_PRODUCTS_DIR; };
		DC3A604D1FE0C4B300522CFC /* WeexBenchmarkTests.m */ = {isa = PBXFileReference; lastKnownFileType = sourcecode.c.objc; path = WeexBenchmarkTests.m; sourceTree = "<group>"; };
		DC3A604F1FE0C4B400522CFC /* Info.plist */ = {isa = PBXFileReference; lastKnownFileType = text.plist.xml; path = Info.plist; sourceTree = "<group>"; };
		DC3A60541FE0C4B400522CFC /* WeexBenchmarkUITests.xctest */ = {isa = PBXFileReference; explicitFileType = wrapper.cfbundle; includeInIndex = 0; path = WeexBenchmarkUITests.xctest; sourceTree = BUILT_PRODUCTS_DIR; };
		DC3A60581FE0C4B400522CFC /* WeexBenchmarkUITests.m */ = {isa = PBXFileReference; lastKnownFileType = sourcecode.c.objc; path = WeexBenchmarkUITests.m; sourceTree = "<group>"; };
		DC3A605A1FE0C4B400522CFC /* Info.plist */ = {isa = PBXFileReference; lastKnownFileType = text.plist.xml; path = Info.plist; sourceTree = "<group>"; };
		DC3A60661FE0FFA100522CFC /* libstdc++.tbd */ = {isa = PBXFileReference; lastKnownFileType = "sourcecode.text-based-dylib-definition"; name = "libstdc++.tbd"; path = "usr/lib/libstdc++.tbd"; sourceTree = SDKROOT; };
		DC3A60681FE1072B00522CFC /* WeexViewController.h */ = {isa = PBXFileReference; lastKnownFileType = sourcecode.c.h; path = WeexViewController.h; sourceTree = "<group>"; };
		DC3A60691FE1072B00522CFC /* WeexViewController.m */ = {isa = PBXFileReference; lastKnownFileType = sourcecode.c.objc; path = WeexViewController.m; sourceTree = "<group>"; };
		DC3A606B1FE1074000522CFC /* ReactNativeViewController.h */ = {isa = PBXFileReference; lastKnownFileType = sourcecode.c.h; path = ReactNativeViewController.h; sourceTree = "<group>"; };
		DC3A606C1FE1074000522CFC /* ReactNativeViewController.m */ = {isa = PBXFileReference; lastKnownFileType = sourcecode.c.objc; path = ReactNativeViewController.m; sourceTree = "<group>"; };
		DC3A606E1FE1134200522CFC /* WXImgLoaderDefaultImpl.h */ = {isa = PBXFileReference; fileEncoding = 4; lastKnownFileType = sourcecode.c.h; name = WXImgLoaderDefaultImpl.h; path = "../../../incubator-weex/ios/playground/WeexDemo/extend/handler/WXImgLoaderDefaultImpl.h"; sourceTree = "<group>"; };
		DC3A606F1FE1134200522CFC /* WXImgLoaderDefaultImpl.m */ = {isa = PBXFileReference; fileEncoding = 4; lastKnownFileType = sourcecode.c.objc; name = WXImgLoaderDefaultImpl.m; path = "../../../incubator-weex/ios/playground/WeexDemo/extend/handler/WXImgLoaderDefaultImpl.m"; sourceTree = "<group>"; };
		DC3A60AC1FE1528200522CFC /* bundlejs */ = {isa = PBXFileReference; lastKnownFileType = folder; path = bundlejs; sourceTree = "<group>"; };
		FE5D8F3260BB3C0BE15624AC /* libPods-WeexBenchmarkUITests.a */ = {isa = PBXFileReference; explicitFileType = archive.ar; includeInIndex = 0; path = "libPods-WeexBenchmarkUITests.a"; sourceTree = BUILT_PRODUCTS_DIR; };
/* End PBXFileReference section */

/* Begin PBXFrameworksBuildPhase section */
		DC3A602E1FE0C4B300522CFC /* Frameworks */ = {
			isa = PBXFrameworksBuildPhase;
			buildActionMask = 2147483647;
			files = (
				B79604290AA5EF9845369A47 /* libPods-WeexBenchmark.a in Frameworks */,
			);
			runOnlyForDeploymentPostprocessing = 0;
		};
		DC3A60461FE0C4B300522CFC /* Frameworks */ = {
			isa = PBXFrameworksBuildPhase;
			buildActionMask = 2147483647;
			files = (
				3A8A5B26C71369FD513F2F87 /* libPods-WeexBenchmarkTests.a in Frameworks */,
			);
			runOnlyForDeploymentPostprocessing = 0;
		};
		DC3A60511FE0C4B400522CFC /* Frameworks */ = {
			isa = PBXFrameworksBuildPhase;
			buildActionMask = 2147483647;
			files = (
				08EE03E65658176D52DC86DC /* libPods-WeexBenchmarkUITests.a in Frameworks */,
			);
			runOnlyForDeploymentPostprocessing = 0;
		};
/* End PBXFrameworksBuildPhase section */

/* Begin PBXGroup section */
		7D7E2647ECE64E69A4511893 /* Frameworks */ = {
			isa = PBXGroup;
			children = (
				DC3A60661FE0FFA100522CFC /* libstdc++.tbd */,
				B74BEDFA9595BEB13BFB0850 /* libPods-WeexBenchmark.a */,
				06DDFC856C1E2FF874A5546D /* libPods-WeexBenchmarkTests.a */,
				FE5D8F3260BB3C0BE15624AC /* libPods-WeexBenchmarkUITests.a */,
			);
			name = Frameworks;
			sourceTree = "<group>";
		};
		A7D07C365A03DBDE749B14A0 /* Pods */ = {
			isa = PBXGroup;
			children = (
				7BEB04FF76ABD5A854605F27 /* Pods-WeexBenchmark.debug.xcconfig */,
				4E90942EBF367A08E4C9B6C7 /* Pods-WeexBenchmark.release.xcconfig */,
				D7CC23271C51CF99C60F9F06 /* Pods-WeexBenchmarkTests.debug.xcconfig */,
				584F9F7689EB5E27728221BB /* Pods-WeexBenchmarkTests.release.xcconfig */,
				844717F2699DEAE478D801C5 /* Pods-WeexBenchmarkUITests.debug.xcconfig */,
				3748E0386C22F373296774D9 /* Pods-WeexBenchmarkUITests.release.xcconfig */,
			);
			name = Pods;
			sourceTree = "<group>";
		};
		DC3A60281FE0C4B300522CFC = {
			isa = PBXGroup;
			children = (
				DC3A60AC1FE1528200522CFC /* bundlejs */,
				DC3A60331FE0C4B300522CFC /* WeexBenchmark */,
				DC3A604C1FE0C4B300522CFC /* WeexBenchmarkTests */,
				DC3A60571FE0C4B400522CFC /* WeexBenchmarkUITests */,
				DC3A60321FE0C4B300522CFC /* Products */,
				A7D07C365A03DBDE749B14A0 /* Pods */,
				7D7E2647ECE64E69A4511893 /* Frameworks */,
			);
			sourceTree = "<group>";
		};
		DC3A60321FE0C4B300522CFC /* Products */ = {
			isa = PBXGroup;
			children = (
				DC3A60311FE0C4B300522CFC /* WeexBenchmark.app */,
				DC3A60491FE0C4B300522CFC /* WeexBenchmarkTests.xctest */,
				DC3A60541FE0C4B400522CFC /* WeexBenchmarkUITests.xctest */,
			);
			name = Products;
			sourceTree = "<group>";
		};
		DC3A60331FE0C4B300522CFC /* WeexBenchmark */ = {
			isa = PBXGroup;
			children = (
				DC3A606E1FE1134200522CFC /* WXImgLoaderDefaultImpl.h */,
				DC3A606F1FE1134200522CFC /* WXImgLoaderDefaultImpl.m */,
				DC3A60341FE0C4B300522CFC /* AppDelegate.h */,
				DC3A60351FE0C4B300522CFC /* AppDelegate.m */,
				DC3A60371FE0C4B300522CFC /* ViewController.h */,
				DC3A60381FE0C4B300522CFC /* ViewController.m */,
				DC3A60681FE1072B00522CFC /* WeexViewController.h */,
				DC3A60691FE1072B00522CFC /* WeexViewController.m */,
				DC3A606B1FE1074000522CFC /* ReactNativeViewController.h */,
				DC3A606C1FE1074000522CFC /* ReactNativeViewController.m */,
				DC3A603A1FE0C4B300522CFC /* Main.storyboard */,
				DC3A603D1FE0C4B300522CFC /* Assets.xcassets */,
				DC3A603F1FE0C4B300522CFC /* LaunchScreen.storyboard */,
				DC3A60421FE0C4B300522CFC /* Info.plist */,
				DC3A60431FE0C4B300522CFC /* main.m */,
			);
			path = WeexBenchmark;
			sourceTree = "<group>";
		};
		DC3A604C1FE0C4B300522CFC /* WeexBenchmarkTests */ = {
			isa = PBXGroup;
			children = (
				DC3A604D1FE0C4B300522CFC /* WeexBenchmarkTests.m */,
				DC3A604F1FE0C4B400522CFC /* Info.plist */,
			);
			path = WeexBenchmarkTests;
			sourceTree = "<group>";
		};
		DC3A60571FE0C4B400522CFC /* WeexBenchmarkUITests */ = {
			isa = PBXGroup;
			children = (
				DC3A60581FE0C4B400522CFC /* WeexBenchmarkUITests.m */,
				DC3A605A1FE0C4B400522CFC /* Info.plist */,
			);
			path = WeexBenchmarkUITests;
			sourceTree = "<group>";
		};
/* End PBXGroup section */

/* Begin PBXNativeTarget section */
		DC3A60301FE0C4B300522CFC /* WeexBenchmark */ = {
			isa = PBXNativeTarget;
			buildConfigurationList = DC3A605D1FE0C4B400522CFC /* Build configuration list for PBXNativeTarget "WeexBenchmark" */;
			buildPhases = (
				50B0E68054E8AA47861978F4 /* [CP] Check Pods Manifest.lock */,
				DC3A602D1FE0C4B300522CFC /* Sources */,
				DC3A602E1FE0C4B300522CFC /* Frameworks */,
				DC3A602F1FE0C4B300522CFC /* Resources */,
				295FBAD8B9691D6254BF7213 /* [CP] Copy Pods Resources */,
			);
			buildRules = (
			);
			dependencies = (
			);
			name = WeexBenchmark;
			productName = WeexBenchmark;
			productReference = DC3A60311FE0C4B300522CFC /* WeexBenchmark.app */;
			productType = "com.apple.product-type.application";
		};
		DC3A60481FE0C4B300522CFC /* WeexBenchmarkTests */ = {
			isa = PBXNativeTarget;
			buildConfigurationList = DC3A60601FE0C4B400522CFC /* Build configuration list for PBXNativeTarget "WeexBenchmarkTests" */;
			buildPhases = (
				3EC53DD7E973AD0FE8FD65EF /* [CP] Check Pods Manifest.lock */,
				DC3A60451FE0C4B300522CFC /* Sources */,
				DC3A60461FE0C4B300522CFC /* Frameworks */,
				DC3A60471FE0C4B300522CFC /* Resources */,
			);
			buildRules = (
			);
			dependencies = (
				DC3A604B1FE0C4B300522CFC /* PBXTargetDependency */,
			);
			name = WeexBenchmarkTests;
			productName = WeexBenchmarkTests;
			productReference = DC3A60491FE0C4B300522CFC /* WeexBenchmarkTests.xctest */;
			productType = "com.apple.product-type.bundle.unit-test";
		};
		DC3A60531FE0C4B400522CFC /* WeexBenchmarkUITests */ = {
			isa = PBXNativeTarget;
			buildConfigurationList = DC3A60631FE0C4B400522CFC /* Build configuration list for PBXNativeTarget "WeexBenchmarkUITests" */;
			buildPhases = (
				B1487B691E7346CC35A32102 /* [CP] Check Pods Manifest.lock */,
				DC3A60501FE0C4B400522CFC /* Sources */,
				DC3A60511FE0C4B400522CFC /* Frameworks */,
				DC3A60521FE0C4B400522CFC /* Resources */,
			);
			buildRules = (
			);
			dependencies = (
				DC3A60561FE0C4B400522CFC /* PBXTargetDependency */,
			);
			name = WeexBenchmarkUITests;
			productName = WeexBenchmarkUITests;
			productReference = DC3A60541FE0C4B400522CFC /* WeexBenchmarkUITests.xctest */;
			productType = "com.apple.product-type.bundle.ui-testing";
		};
/* End PBXNativeTarget section */

/* Begin PBXProject section */
		DC3A60291FE0C4B300522CFC /* Project object */ = {
			isa = PBXProject;
			attributes = {
				LastUpgradeCheck = 0920;
				ORGANIZATIONNAME = zifan.zx;
				TargetAttributes = {
					DC3A60301FE0C4B300522CFC = {
						CreatedOnToolsVersion = 9.2;
						ProvisioningStyle = Automatic;
					};
					DC3A60481FE0C4B300522CFC = {
						CreatedOnToolsVersion = 9.2;
						ProvisioningStyle = Automatic;
						TestTargetID = DC3A60301FE0C4B300522CFC;
					};
					DC3A60531FE0C4B400522CFC = {
						CreatedOnToolsVersion = 9.2;
						ProvisioningStyle = Automatic;
						TestTargetID = DC3A60301FE0C4B300522CFC;
					};
				};
			};
			buildConfigurationList = DC3A602C1FE0C4B300522CFC /* Build configuration list for PBXProject "WeexBenchmark" */;
			compatibilityVersion = "Xcode 8.0";
			developmentRegion = en;
			hasScannedForEncodings = 0;
			knownRegions = (
				en,
				Base,
			);
			mainGroup = DC3A60281FE0C4B300522CFC;
			productRefGroup = DC3A60321FE0C4B300522CFC /* Products */;
			projectDirPath = "";
			projectRoot = "";
			targets = (
				DC3A60301FE0C4B300522CFC /* WeexBenchmark */,
				DC3A60481FE0C4B300522CFC /* WeexBenchmarkTests */,
				DC3A60531FE0C4B400522CFC /* WeexBenchmarkUITests */,
			);
		};
/* End PBXProject section */

/* Begin PBXResourcesBuildPhase section */
		DC3A602F1FE0C4B300522CFC /* Resources */ = {
			isa = PBXResourcesBuildPhase;
			buildActionMask = 2147483647;
			files = (
				DC3A60AD1FE1528200522CFC /* bundlejs in Resources */,
				DC3A60411FE0C4B300522CFC /* LaunchScreen.storyboard in Resources */,
				DC3A603E1FE0C4B300522CFC /* Assets.xcassets in Resources */,
				DC3A603C1FE0C4B300522CFC /* Main.storyboard in Resources */,
			);
			runOnlyForDeploymentPostprocessing = 0;
		};
		DC3A60471FE0C4B300522CFC /* Resources */ = {
			isa = PBXResourcesBuildPhase;
			buildActionMask = 2147483647;
			files = (
			);
			runOnlyForDeploymentPostprocessing = 0;
		};
		DC3A60521FE0C4B400522CFC /* Resources */ = {
			isa = PBXResourcesBuildPhase;
			buildActionMask = 2147483647;
			files = (
			);
			runOnlyForDeploymentPostprocessing = 0;
		};
/* End PBXResourcesBuildPhase section */

/* Begin PBXShellScriptBuildPhase section */
		295FBAD8B9691D6254BF7213 /* [CP] Copy Pods Resources */ = {
			isa = PBXShellScriptBuildPhase;
			buildActionMask = 2147483647;
			files = (
			);
			inputPaths = (
				"${SRCROOT}/Pods/Target Support Files/Pods-WeexBenchmark/Pods-WeexBenchmark-resources.sh",
				"${PODS_ROOT}/WeexSDK/pre-build/native-bundle-main.js",
				"${PODS_ROOT}/WeexSDK/ios/sdk/WeexSDK/Resources/wx_load_error@3x.png",
			);
			name = "[CP] Copy Pods Resources";
			outputPaths = (
				"${TARGET_BUILD_DIR}/${UNLOCALIZED_RESOURCES_FOLDER_PATH}/native-bundle-main.js",
				"${TARGET_BUILD_DIR}/${UNLOCALIZED_RESOURCES_FOLDER_PATH}/wx_load_error@3x.png",
			);
			runOnlyForDeploymentPostprocessing = 0;
			shellPath = /bin/sh;
			shellScript = "\"${SRCROOT}/Pods/Target Support Files/Pods-WeexBenchmark/Pods-WeexBenchmark-resources.sh\"\n";
			showEnvVarsInLog = 0;
		};
		3EC53DD7E973AD0FE8FD65EF /* [CP] Check Pods Manifest.lock */ = {
			isa = PBXShellScriptBuildPhase;
			buildActionMask = 2147483647;
			files = (
			);
			inputPaths = (
				"${PODS_PODFILE_DIR_PATH}/Podfile.lock",
				"${PODS_ROOT}/Manifest.lock",
			);
			name = "[CP] Check Pods Manifest.lock";
			outputPaths = (
				"$(DERIVED_FILE_DIR)/Pods-WeexBenchmarkTests-checkManifestLockResult.txt",
			);
			runOnlyForDeploymentPostprocessing = 0;
			shellPath = /bin/sh;
			shellScript = "diff \"${PODS_PODFILE_DIR_PATH}/Podfile.lock\" \"${PODS_ROOT}/Manifest.lock\" > /dev/null\nif [ $? != 0 ] ; then\n    # print error to STDERR\n    echo \"error: The sandbox is not in sync with the Podfile.lock. Run 'pod install' or update your CocoaPods installation.\" >&2\n    exit 1\nfi\n# This output is used by Xcode 'outputs' to avoid re-running this script phase.\necho \"SUCCESS\" > \"${SCRIPT_OUTPUT_FILE_0}\"\n";
			showEnvVarsInLog = 0;
		};
		50B0E68054E8AA47861978F4 /* [CP] Check Pods Manifest.lock */ = {
			isa = PBXShellScriptBuildPhase;
			buildActionMask = 2147483647;
			files = (
			);
			inputPaths = (
				"${PODS_PODFILE_DIR_PATH}/Podfile.lock",
				"${PODS_ROOT}/Manifest.lock",
			);
			name = "[CP] Check Pods Manifest.lock";
			outputPaths = (
				"$(DERIVED_FILE_DIR)/Pods-WeexBenchmark-checkManifestLockResult.txt",
			);
			runOnlyForDeploymentPostprocessing = 0;
			shellPath = /bin/sh;
			shellScript = "diff \"${PODS_PODFILE_DIR_PATH}/Podfile.lock\" \"${PODS_ROOT}/Manifest.lock\" > /dev/null\nif [ $? != 0 ] ; then\n    # print error to STDERR\n    echo \"error: The sandbox is not in sync with the Podfile.lock. Run 'pod install' or update your CocoaPods installation.\" >&2\n    exit 1\nfi\n# This output is used by Xcode 'outputs' to avoid re-running this script phase.\necho \"SUCCESS\" > \"${SCRIPT_OUTPUT_FILE_0}\"\n";
			showEnvVarsInLog = 0;
		};
		B1487B691E7346CC35A32102 /* [CP] Check Pods Manifest.lock */ = {
			isa = PBXShellScriptBuildPhase;
			buildActionMask = 2147483647;
			files = (
			);
			inputPaths = (
				"${PODS_PODFILE_DIR_PATH}/Podfile.lock",
				"${PODS_ROOT}/Manifest.lock",
			);
			name = "[CP] Check Pods Manifest.lock";
			outputPaths = (
				"$(DERIVED_FILE_DIR)/Pods-WeexBenchmarkUITests-checkManifestLockResult.txt",
			);
			runOnlyForDeploymentPostprocessing = 0;
			shellPath = /bin/sh;
			shellScript = "diff \"${PODS_PODFILE_DIR_PATH}/Podfile.lock\" \"${PODS_ROOT}/Manifest.lock\" > /dev/null\nif [ $? != 0 ] ; then\n    # print error to STDERR\n    echo \"error: The sandbox is not in sync with the Podfile.lock. Run 'pod install' or update your CocoaPods installation.\" >&2\n    exit 1\nfi\n# This output is used by Xcode 'outputs' to avoid re-running this script phase.\necho \"SUCCESS\" > \"${SCRIPT_OUTPUT_FILE_0}\"\n";
			showEnvVarsInLog = 0;
		};
/* End PBXShellScriptBuildPhase section */

/* Begin PBXSourcesBuildPhase section */
		DC3A602D1FE0C4B300522CFC /* Sources */ = {
			isa = PBXSourcesBuildPhase;
			buildActionMask = 2147483647;
			files = (
				DC3A60391FE0C4B300522CFC /* ViewController.m in Sources */,
				DC3A60441FE0C4B300522CFC /* main.m in Sources */,
				DC3A60361FE0C4B300522CFC /* AppDelegate.m in Sources */,
				DC3A606D1FE1074000522CFC /* ReactNativeViewController.m in Sources */,
				DC3A606A1FE1072B00522CFC /* WeexViewController.m in Sources */,
				DC3A60701FE1134200522CFC /* WXImgLoaderDefaultImpl.m in Sources */,
			);
			runOnlyForDeploymentPostprocessing = 0;
		};
		DC3A60451FE0C4B300522CFC /* Sources */ = {
			isa = PBXSourcesBuildPhase;
			buildActionMask = 2147483647;
			files = (
				DC3A604E1FE0C4B300522CFC /* WeexBenchmarkTests.m in Sources */,
			);
			runOnlyForDeploymentPostprocessing = 0;
		};
		DC3A60501FE0C4B400522CFC /* Sources */ = {
			isa = PBXSourcesBuildPhase;
			buildActionMask = 2147483647;
			files = (
				DC3A60591FE0C4B400522CFC /* WeexBenchmarkUITests.m in Sources */,
			);
			runOnlyForDeploymentPostprocessing = 0;
		};
/* End PBXSourcesBuildPhase section */

/* Begin PBXTargetDependency section */
		DC3A604B1FE0C4B300522CFC /* PBXTargetDependency */ = {
			isa = PBXTargetDependency;
			target = DC3A60301FE0C4B300522CFC /* WeexBenchmark */;
			targetProxy = DC3A604A1FE0C4B300522CFC /* PBXContainerItemProxy */;
		};
		DC3A60561FE0C4B400522CFC /* PBXTargetDependency */ = {
			isa = PBXTargetDependency;
			target = DC3A60301FE0C4B300522CFC /* WeexBenchmark */;
			targetProxy = DC3A60551FE0C4B400522CFC /* PBXContainerItemProxy */;
		};
/* End PBXTargetDependency section */

/* Begin PBXVariantGroup section */
		DC3A603A1FE0C4B300522CFC /* Main.storyboard */ = {
			isa = PBXVariantGroup;
			children = (
				DC3A603B1FE0C4B300522CFC /* Base */,
			);
			name = Main.storyboard;
			sourceTree = "<group>";
		};
		DC3A603F1FE0C4B300522CFC /* LaunchScreen.storyboard */ = {
			isa = PBXVariantGroup;
			children = (
				DC3A60401FE0C4B300522CFC /* Base */,
			);
			name = LaunchScreen.storyboard;
			sourceTree = "<group>";
		};
/* End PBXVariantGroup section */

/* Begin XCBuildConfiguration section */
		DC3A605B1FE0C4B400522CFC /* Debug */ = {
			isa = XCBuildConfiguration;
			buildSettings = {
				ALWAYS_SEARCH_USER_PATHS = NO;
				CLANG_ANALYZER_NONNULL = YES;
				CLANG_ANALYZER_NUMBER_OBJECT_CONVERSION = YES_AGGRESSIVE;
				CLANG_CXX_LANGUAGE_STANDARD = "gnu++14";
				CLANG_CXX_LIBRARY = "libc++";
				CLANG_ENABLE_MODULES = YES;
				CLANG_ENABLE_OBJC_ARC = YES;
				CLANG_WARN_BLOCK_CAPTURE_AUTORELEASING = YES;
				CLANG_WARN_BOOL_CONVERSION = YES;
				CLANG_WARN_COMMA = YES;
				CLANG_WARN_CONSTANT_CONVERSION = YES;
				CLANG_WARN_DIRECT_OBJC_ISA_USAGE = YES_ERROR;
				CLANG_WARN_DOCUMENTATION_COMMENTS = YES;
				CLANG_WARN_EMPTY_BODY = YES;
				CLANG_WARN_ENUM_CONVERSION = YES;
				CLANG_WARN_INFINITE_RECURSION = YES;
				CLANG_WARN_INT_CONVERSION = YES;
				CLANG_WARN_NON_LITERAL_NULL_CONVERSION = YES;
				CLANG_WARN_OBJC_LITERAL_CONVERSION = YES;
				CLANG_WARN_OBJC_ROOT_CLASS = YES_ERROR;
				CLANG_WARN_RANGE_LOOP_ANALYSIS = YES;
				CLANG_WARN_STRICT_PROTOTYPES = YES;
				CLANG_WARN_SUSPICIOUS_MOVE = YES;
				CLANG_WARN_UNGUARDED_AVAILABILITY = YES_AGGRESSIVE;
				CLANG_WARN_UNREACHABLE_CODE = YES;
				CLANG_WARN__DUPLICATE_METHOD_MATCH = YES;
				CODE_SIGN_IDENTITY = "iPhone Developer";
				COPY_PHASE_STRIP = NO;
				DEBUG_INFORMATION_FORMAT = dwarf;
				ENABLE_STRICT_OBJC_MSGSEND = YES;
				ENABLE_TESTABILITY = YES;
				GCC_C_LANGUAGE_STANDARD = gnu11;
				GCC_DYNAMIC_NO_PIC = NO;
				GCC_NO_COMMON_BLOCKS = YES;
				GCC_OPTIMIZATION_LEVEL = 0;
				GCC_PREPROCESSOR_DEFINITIONS = (
					"DEBUG=1",
					"$(inherited)",
				);
				GCC_WARN_64_TO_32_BIT_CONVERSION = YES;
				GCC_WARN_ABOUT_RETURN_TYPE = YES_ERROR;
				GCC_WARN_UNDECLARED_SELECTOR = YES;
				GCC_WARN_UNINITIALIZED_AUTOS = YES_AGGRESSIVE;
				GCC_WARN_UNUSED_FUNCTION = YES;
				GCC_WARN_UNUSED_VARIABLE = YES;
				IPHONEOS_DEPLOYMENT_TARGET = 11.2;
				MTL_ENABLE_DEBUG_INFO = YES;
				ONLY_ACTIVE_ARCH = YES;
				SDKROOT = iphoneos;
			};
			name = Debug;
		};
		DC3A605C1FE0C4B400522CFC /* Release */ = {
			isa = XCBuildConfiguration;
			buildSettings = {
				ALWAYS_SEARCH_USER_PATHS = NO;
				CLANG_ANALYZER_NONNULL = YES;
				CLANG_ANALYZER_NUMBER_OBJECT_CONVERSION = YES_AGGRESSIVE;
				CLANG_CXX_LANGUAGE_STANDARD = "gnu++14";
				CLANG_CXX_LIBRARY = "libc++";
				CLANG_ENABLE_MODULES = YES;
				CLANG_ENABLE_OBJC_ARC = YES;
				CLANG_WARN_BLOCK_CAPTURE_AUTORELEASING = YES;
				CLANG_WARN_BOOL_CONVERSION = YES;
				CLANG_WARN_COMMA = YES;
				CLANG_WARN_CONSTANT_CONVERSION = YES;
				CLANG_WARN_DIRECT_OBJC_ISA_USAGE = YES_ERROR;
				CLANG_WARN_DOCUMENTATION_COMMENTS = YES;
				CLANG_WARN_EMPTY_BODY = YES;
				CLANG_WARN_ENUM_CONVERSION = YES;
				CLANG_WARN_INFINITE_RECURSION = YES;
				CLANG_WARN_INT_CONVERSION = YES;
				CLANG_WARN_NON_LITERAL_NULL_CONVERSION = YES;
				CLANG_WARN_OBJC_LITERAL_CONVERSION = YES;
				CLANG_WARN_OBJC_ROOT_CLASS = YES_ERROR;
				CLANG_WARN_RANGE_LOOP_ANALYSIS = YES;
				CLANG_WARN_STRICT_PROTOTYPES = YES;
				CLANG_WARN_SUSPICIOUS_MOVE = YES;
				CLANG_WARN_UNGUARDED_AVAILABILITY = YES_AGGRESSIVE;
				CLANG_WARN_UNREACHABLE_CODE = YES;
				CLANG_WARN__DUPLICATE_METHOD_MATCH = YES;
				CODE_SIGN_IDENTITY = "iPhone Developer";
				COPY_PHASE_STRIP = NO;
				DEBUG_INFORMATION_FORMAT = "dwarf-with-dsym";
				ENABLE_NS_ASSERTIONS = NO;
				ENABLE_STRICT_OBJC_MSGSEND = YES;
				GCC_C_LANGUAGE_STANDARD = gnu11;
				GCC_NO_COMMON_BLOCKS = YES;
				GCC_WARN_64_TO_32_BIT_CONVERSION = YES;
				GCC_WARN_ABOUT_RETURN_TYPE = YES_ERROR;
				GCC_WARN_UNDECLARED_SELECTOR = YES;
				GCC_WARN_UNINITIALIZED_AUTOS = YES_AGGRESSIVE;
				GCC_WARN_UNUSED_FUNCTION = YES;
				GCC_WARN_UNUSED_VARIABLE = YES;
				IPHONEOS_DEPLOYMENT_TARGET = 11.2;
				MTL_ENABLE_DEBUG_INFO = NO;
				SDKROOT = iphoneos;
				VALIDATE_PRODUCT = YES;
			};
			name = Release;
		};
		DC3A605E1FE0C4B400522CFC /* Debug */ = {
			isa = XCBuildConfiguration;
			baseConfigurationReference = 7BEB04FF76ABD5A854605F27 /* Pods-WeexBenchmark.debug.xcconfig */;
			buildSettings = {
				ASSETCATALOG_COMPILER_APPICON_NAME = AppIcon;
				CODE_SIGN_STYLE = Automatic;
				DEBUG_INFORMATION_FORMAT = "dwarf-with-dsym";
				DEVELOPMENT_TEAM = "";
				INFOPLIST_FILE = WeexBenchmark/Info.plist;
				IPHONEOS_DEPLOYMENT_TARGET = 8.0;
				LD_RUNPATH_SEARCH_PATHS = "$(inherited) @executable_path/Frameworks";
				PRODUCT_BUNDLE_IDENTIFIER = org.apache.weex.WeexBenchmark;
				PRODUCT_NAME = "$(TARGET_NAME)";
				TARGETED_DEVICE_FAMILY = "1,2";
			};
			name = Debug;
		};
		DC3A605F1FE0C4B400522CFC /* Release */ = {
			isa = XCBuildConfiguration;
			baseConfigurationReference = 4E90942EBF367A08E4C9B6C7 /* Pods-WeexBenchmark.release.xcconfig */;
			buildSettings = {
				ASSETCATALOG_COMPILER_APPICON_NAME = AppIcon;
				CODE_SIGN_STYLE = Automatic;
				DEVELOPMENT_TEAM = "";
				INFOPLIST_FILE = WeexBenchmark/Info.plist;
				IPHONEOS_DEPLOYMENT_TARGET = 8.0;
				LD_RUNPATH_SEARCH_PATHS = "$(inherited) @executable_path/Frameworks";
				PRODUCT_BUNDLE_IDENTIFIER = org.apache.weex.WeexBenchmark;
				PRODUCT_NAME = "$(TARGET_NAME)";
				TARGETED_DEVICE_FAMILY = "1,2";
			};
			name = Release;
		};
		DC3A60611FE0C4B400522CFC /* Debug */ = {
			isa = XCBuildConfiguration;
			baseConfigurationReference = D7CC23271C51CF99C60F9F06 /* Pods-WeexBenchmarkTests.debug.xcconfig */;
			buildSettings = {
				BUNDLE_LOADER = "$(TEST_HOST)";
				CODE_SIGN_STYLE = Automatic;
				INFOPLIST_FILE = WeexBenchmarkTests/Info.plist;
				LD_RUNPATH_SEARCH_PATHS = "$(inherited) @executable_path/Frameworks @loader_path/Frameworks";
				PRODUCT_BUNDLE_IDENTIFIER = org.apache.weex.WeexBenchmarkTests;
				PRODUCT_NAME = "$(TARGET_NAME)";
				TARGETED_DEVICE_FAMILY = "1,2";
				TEST_HOST = "$(BUILT_PRODUCTS_DIR)/WeexBenchmark.app/WeexBenchmark";
			};
			name = Debug;
		};
		DC3A60621FE0C4B400522CFC /* Release */ = {
			isa = XCBuildConfiguration;
			baseConfigurationReference = 584F9F7689EB5E27728221BB /* Pods-WeexBenchmarkTests.release.xcconfig */;
			buildSettings = {
				BUNDLE_LOADER = "$(TEST_HOST)";
				CODE_SIGN_STYLE = Automatic;
				INFOPLIST_FILE = WeexBenchmarkTests/Info.plist;
				LD_RUNPATH_SEARCH_PATHS = "$(inherited) @executable_path/Frameworks @loader_path/Frameworks";
				PRODUCT_BUNDLE_IDENTIFIER = org.apache.weex.WeexBenchmarkTests;
				PRODUCT_NAME = "$(TARGET_NAME)";
				TARGETED_DEVICE_FAMILY = "1,2";
				TEST_HOST = "$(BUILT_PRODUCTS_DIR)/WeexBenchmark.app/WeexBenchmark";
			};
			name = Release;
		};
		DC3A60641FE0C4B400522CFC /* Debug */ = {
			isa = XCBuildConfiguration;
			baseConfigurationReference = 844717F2699DEAE478D801C5 /* Pods-WeexBenchmarkUITests.debug.xcconfig */;
			buildSettings = {
				CODE_SIGN_STYLE = Automatic;
				INFOPLIST_FILE = WeexBenchmarkUITests/Info.plist;
				LD_RUNPATH_SEARCH_PATHS = "$(inherited) @executable_path/Frameworks @loader_path/Frameworks";
				PRODUCT_BUNDLE_IDENTIFIER = org.apache.weex.WeexBenchmarkUITests;
				PRODUCT_NAME = "$(TARGET_NAME)";
				TARGETED_DEVICE_FAMILY = "1,2";
				TEST_TARGET_NAME = WeexBenchmark;
			};
			name = Debug;
		};
		DC3A60651FE0C4B400522CFC /* Release */ = {
			isa = XCBuildConfiguration;
			baseConfigurationReference = 3748E0386C22F373296774D9 /* Pods-WeexBenchmarkUITests.release.xcconfig */;
			buildSettings = {
				CODE_SIGN_STYLE = Automatic;
				INFOPLIST_FILE = WeexBenchmarkUITests/Info.plist;
				LD_RUNPATH_SEARCH_PATHS = "$(inherited) @executable_path/Frameworks @loader_path/Frameworks";
				PRODUCT_BUNDLE_IDENTIFIER = org.apache.weex.WeexBenchmarkUITests;
				PRODUCT_NAME = "$(TARGET_NAME)";
				TARGETED_DEVICE_FAMILY = "1,2";
				TEST_TARGET_NAME = WeexBenchmark;
			};
			name = Release;
		};
/* End XCBuildConfiguration section */

/* Begin XCConfigurationList section */
		DC3A602C1FE0C4B300522CFC /* Build configuration list for PBXProject "WeexBenchmark" */ = {
			isa = XCConfigurationList;
			buildConfigurations = (
				DC3A605B1FE0C4B400522CFC /* Debug */,
				DC3A605C1FE0C4B400522CFC /* Release */,
			);
			defaultConfigurationIsVisible = 0;
			defaultConfigurationName = Release;
		};
		DC3A605D1FE0C4B400522CFC /* Build configuration list for PBXNativeTarget "WeexBenchmark" */ = {
			isa = XCConfigurationList;
			buildConfigurations = (
				DC3A605E1FE0C4B400522CFC /* Debug */,
				DC3A605F1FE0C4B400522CFC /* Release */,
			);
			defaultConfigurationIsVisible = 0;
			defaultConfigurationName = Release;
		};
		DC3A60601FE0C4B400522CFC /* Build configuration list for PBXNativeTarget "WeexBenchmarkTests" */ = {
			isa = XCConfigurationList;
			buildConfigurations = (
				DC3A60611FE0C4B400522CFC /* Debug */,
				DC3A60621FE0C4B400522CFC /* Release */,
			);
			defaultConfigurationIsVisible = 0;
			defaultConfigurationName = Release;
		};
		DC3A60631FE0C4B400522CFC /* Build configuration list for PBXNativeTarget "WeexBenchmarkUITests" */ = {
			isa = XCConfigurationList;
			buildConfigurations = (
				DC3A60641FE0C4B400522CFC /* Debug */,
				DC3A60651FE0C4B400522CFC /* Release */,
			);
			defaultConfigurationIsVisible = 0;
			defaultConfigurationName = Release;
		};
/* End XCConfigurationList section */
	};
	rootObject = DC3A60291FE0C4B300522CFC /* Project object */;
}
